
Microsoft Visual Studio Solution File, Format Version 12.00
# Visual Studio Version 16
VisualStudioVersion = 16.0.29806.167
MinimumVisualStudioVersion = 10.0.40219.1
Project("{9A19103F-16F7-4668-BE54-9A1E7A4F7556}") = "AoC2015-1", "Day 1\AoC2015-1.csproj", "{F49D65D9-6510-4429-898A-EBEE8CECB2EB}"
EndProject
Project("{9A19103F-16F7-4668-BE54-9A1E7A4F7556}") = "AoC2015-2", "AoC2015-2\AoC2015-2.csproj", "{D7A150BD-D6F3-4B0C-8895-C1B6599C70AB}"
EndProject
Project("{9A19103F-16F7-4668-BE54-9A1E7A4F7556}") = "AoC2015-3", "AoC2015-3\AoC2015-3.csproj", "{6AC0DE13-944A-48BA-AAB7-E4764007D1B8}"
EndProject
Project("{2150E333-8FDC-42A3-9474-1A3956D46DE8}") = "Solution Items", "Solution Items", "{9D241F7F-C0CE-4231-BAEF-FF71C428D228}"
	ProjectSection(SolutionItems) = preProject
		readme.md = readme.md
	EndProjectSection
EndProject
Project("{9A19103F-16F7-4668-BE54-9A1E7A4F7556}") = "AoC2015-4", "AoC2015-4\AoC2015-4.csproj", "{021D20A5-2341-4EC1-918D-EC54330EA01C}"
EndProject
Project("{9A19103F-16F7-4668-BE54-9A1E7A4F7556}") = "AoC2015-5", "AoC2015-5\AoC2015-5.csproj", "{316E0621-C5B6-4ECA-8218-66E63CCCD590}"
EndProject
Project("{9A19103F-16F7-4668-BE54-9A1E7A4F7556}") = "AoC2015-6", "AoC2015-6\AoC2015-6.csproj", "{2F99BAD2-59FA-48F3-A068-38F831E39510}"
EndProject
Project("{9A19103F-16F7-4668-BE54-9A1E7A4F7556}") = "AoC2015-7", "AoC2015-7\AoC2015-7.csproj", "{951C297B-1D4E-4C33-9C9F-BA8C2312B251}"
EndProject
Project("{FAE04EC0-301F-11D3-BF4B-00C04F79EFBC}") = "AoC2015-8", "AoC2015-8\AoC2015-8.csproj", "{A9709479-9CD8-40C9-9574-196308BFAB25}"
EndProject
Project("{FAE04EC0-301F-11D3-BF4B-00C04F79EFBC}") = "AoC2015-9", "AoC2015-9\AoC2015-9.csproj", "{0A469D71-39D8-4E85-8E33-AA0335BB4653}"
EndProject
Global
	GlobalSection(SolutionConfigurationPlatforms) = preSolution
		Debug|Any CPU = Debug|Any CPU
		Release|Any CPU = Release|Any CPU
	EndGlobalSection
	GlobalSection(ProjectConfigurationPlatforms) = postSolution
		{F49D65D9-6510-4429-898A-EBEE8CECB2EB}.Debug|Any CPU.ActiveCfg = Debug|Any CPU
		{F49D65D9-6510-4429-898A-EBEE8CECB2EB}.Debug|Any CPU.Build.0 = Debug|Any CPU
		{F49D65D9-6510-4429-898A-EBEE8CECB2EB}.Release|Any CPU.ActiveCfg = Release|Any CPU
		{F49D65D9-6510-4429-898A-EBEE8CECB2EB}.Release|Any CPU.Build.0 = Release|Any CPU
		{D7A150BD-D6F3-4B0C-8895-C1B6599C70AB}.Debug|Any CPU.ActiveCfg = Debug|Any CPU
		{D7A150BD-D6F3-4B0C-8895-C1B6599C70AB}.Debug|Any CPU.Build.0 = Debug|Any CPU
		{D7A150BD-D6F3-4B0C-8895-C1B6599C70AB}.Release|Any CPU.ActiveCfg = Release|Any CPU
		{D7A150BD-D6F3-4B0C-8895-C1B6599C70AB}.Release|Any CPU.Build.0 = Release|Any CPU
		{6AC0DE13-944A-48BA-AAB7-E4764007D1B8}.Debug|Any CPU.ActiveCfg = Debug|Any CPU
		{6AC0DE13-944A-48BA-AAB7-E4764007D1B8}.Debug|Any CPU.Build.0 = Debug|Any CPU
		{6AC0DE13-944A-48BA-AAB7-E4764007D1B8}.Release|Any CPU.ActiveCfg = Release|Any CPU
		{6AC0DE13-944A-48BA-AAB7-E4764007D1B8}.Release|Any CPU.Build.0 = Release|Any CPU
		{021D20A5-2341-4EC1-918D-EC54330EA01C}.Debug|Any CPU.ActiveCfg = Debug|Any CPU
		{021D20A5-2341-4EC1-918D-EC54330EA01C}.Debug|Any CPU.Build.0 = Debug|Any CPU
		{021D20A5-2341-4EC1-918D-EC54330EA01C}.Release|Any CPU.ActiveCfg = Release|Any CPU
		{021D20A5-2341-4EC1-918D-EC54330EA01C}.Release|Any CPU.Build.0 = Release|Any CPU
		{316E0621-C5B6-4ECA-8218-66E63CCCD590}.Debug|Any CPU.ActiveCfg = Debug|Any CPU
		{316E0621-C5B6-4ECA-8218-66E63CCCD590}.Debug|Any CPU.Build.0 = Debug|Any CPU
		{316E0621-C5B6-4ECA-8218-66E63CCCD590}.Release|Any CPU.ActiveCfg = Release|Any CPU
		{316E0621-C5B6-4ECA-8218-66E63CCCD590}.Release|Any CPU.Build.0 = Release|Any CPU
		{2F99BAD2-59FA-48F3-A068-38F831E39510}.Debug|Any CPU.ActiveCfg = Debug|Any CPU
		{2F99BAD2-59FA-48F3-A068-38F831E39510}.Debug|Any CPU.Build.0 = Debug|Any CPU
		{2F99BAD2-59FA-48F3-A068-38F831E39510}.Release|Any CPU.ActiveCfg = Release|Any CPU
		{2F99BAD2-59FA-48F3-A068-38F831E39510}.Release|Any CPU.Build.0 = Release|Any CPU
		{951C297B-1D4E-4C33-9C9F-BA8C2312B251}.Debug|Any CPU.ActiveCfg = Debug|Any CPU
		{951C297B-1D4E-4C33-9C9F-BA8C2312B251}.Debug|Any CPU.Build.0 = Debug|Any CPU
		{951C297B-1D4E-4C33-9C9F-BA8C2312B251}.Release|Any CPU.ActiveCfg = Release|Any CPU
		{951C297B-1D4E-4C33-9C9F-BA8C2312B251}.Release|Any CPU.Build.0 = Release|Any CPU
		{A9709479-9CD8-40C9-9574-196308BFAB25}.Debug|Any CPU.ActiveCfg = Debug|Any CPU
		{A9709479-9CD8-40C9-9574-196308BFAB25}.Debug|Any CPU.Build.0 = Debug|Any CPU
		{A9709479-9CD8-40C9-9574-196308BFAB25}.Release|Any CPU.ActiveCfg = Release|Any CPU
		{A9709479-9CD8-40C9-9574-196308BFAB25}.Release|Any CPU.Build.0 = Release|Any CPU
		{0A469D71-39D8-4E85-8E33-AA0335BB4653}.Debug|Any CPU.ActiveCfg = Debug|Any CPU
		{0A469D71-39D8-4E85-8E33-AA0335BB4653}.Debug|Any CPU.Build.0 = Debug|Any CPU
		{0A469D71-39D8-4E85-8E33-AA0335BB4653}.Release|Any CPU.ActiveCfg = Release|Any CPU
		{0A469D71-39D8-4E85-8E33-AA0335BB4653}.Release|Any CPU.Build.0 = Release|Any CPU
	EndGlobalSection
	GlobalSection(SolutionProperties) = preSolution
		HideSolutionNode = FALSE
	EndGlobalSection
	GlobalSection(ExtensibilityGlobals) = postSolution
		SolutionGuid = {855412BE-0B6C-4A19-AE72-9493A20D66F2}
	EndGlobalSection
EndGlobal
